# KSA assemblies this repository is known to build against.
# Regenerate with ./tools/check-assemblies.sh <dir> --update after a KSA update,
# and refresh the private ksa-game-assemblies repo to match - see CLAUDE.md.
build 2026.9.4.5400
fd77b88724f4104440df0cf979a851d35eec75ea3a7e86297d04abe47c71aff6  0Harmony.dll
e0a1528ded4ef8efcb8002b99704cb8614b7db840d2cb39b5e45eda52d63bc68  BepuUtilities.dll
d849e309d8aed3e4d87f874e448a26ecd47e6756a3dadd307087b95bee5d0251  Brutal.Concurrency.dll
c55f794a610008e0694c15fa14e671f8c31bc603a7d68b9060351990513ecfc4  Brutal.Core.Common.dll
377bb043a3ce7196fdf3adb1a77ea926a1515c0b4e6b364f081e523f77f9147c  Brutal.Core.Numerics.dll
f0940479994b142eedbddcdf197d9667349664bac2e7f0cc0e5463ec8bfaa151  Brutal.Core.Strings.dll
ab6944073413c2e869fb2f68db1eec7a9990b5cfdb7cca602e64aa67dac23fa2  Brutal.Glfw.dll
a5dfba8a0e88013a6b020fd39c8fbb52357de03cb74869d5c3e08b15e3c3247d  Brutal.ImGui.dll
93b474737b106436d61ceff4098e0208e171f3b3a7bc1814c49ea7be7d882f21  Brutal.ImGui.Abstractions.dll
8dba2f30e3a10f130584dedd3f97b21d2f90e821824e8862e740df71d1ffae5f  KSA.dll
e8e321f5ef60d1f1ce53598616148a779f863879f7b9b303be4512895f27c956  StarMap.API.dll
