# KSA assemblies this repository is known to build against.
# Regenerate with ./tools/check-assemblies.sh <dir> --update after a KSA update,
# and refresh the private ksa-game-assemblies repo to match - see CLAUDE.md.
build 2026.10.10.5554
fd77b88724f4104440df0cf979a851d35eec75ea3a7e86297d04abe47c71aff6  0Harmony.dll
e0a1528ded4ef8efcb8002b99704cb8614b7db840d2cb39b5e45eda52d63bc68  BepuUtilities.dll
267d9bc3e58ebf1fe4461f01e56d9336c104193252878696a4736232fe381730  Brutal.Concurrency.dll
4cbae1473d6a3759345f1eec8e62e6c7da1e19f8d10db8d13c005203ec590de4  Brutal.Core.Common.dll
a217a6098116a1895e965b3a1d4fdee931e59a7a55f326c7d710b0d7eeccd17a  Brutal.Core.Numerics.dll
db2264528ce3dbfb371860fd72a2d8d6593c832fc9e6260bbdbc7b9d9fe9725e  Brutal.Core.Strings.dll
fada3d74ad76d4a724f844667f0b1c2cb9e55b4a8430cfedfe52a6fbbce938ec  Brutal.Glfw.dll
b76777a4ef3399d6353b9dba1982e3afb84b5da2aa2500da1c062db0bfad827c  Brutal.ImGui.dll
c5fbd73966deeddc371500051858f8c46664432d632f287b34d98344f082bd9d  Brutal.ImGui.Abstractions.dll
1fc9792fff23dd1b745a4b17ec8c434d91392705dd3f5506bb1947d185992504  Brutal.ShaderC.dll
667c9c4c036b588bde86c87fba3bb5ebfe64809c0bdcb9592703738f7f32af8b  Brutal.Vulkan.dll
36338d3f2e6698ecb220f76183d5beffc507a329895b76efee7e0b321c0937e1  Brutal.Vulkan.Abstractions.dll
78ad6dff6f4477d71309d3e39f0f001c469273e0e44ff2a9dad7ddeeb429306f  KSA.dll
413ba2abc41d8f03751a33f423a2f80135e311536590203c3313e9b060a2a022  Planet.Render.Core.dll
8647ce8789bdb60ccd28f971c398241014ba3afaa7a5c31f3f61e79127bce982  StarMap.API.dll
